// !$*UTF8*$!
{
	archiveVersion = 1;
	classes = {
	};
	objectVersion = 46;
	objects = {

/* Begin PBXBuildFile section */
		753A2E091E8A3B2500E921F3 /* main.m in Sources */ = {isa = PBXBuildFile; fileRef = 753A2E081E8A3B2500E921F3 /* main.m */; };
		753A2E0C1E8A3B2500E921F3 /* AppDelegate.m in Sources */ = {isa = PBXBuildFile; fileRef = 753A2E0B1E8A3B2500E921F3 /* AppDelegate.m */; };
		753A2E0F1E8A3B2500E921F3 /* ViewController.m in Sources */ = {isa = PBXBuildFile; fileRef = 753A2E0E1E8A3B2500E921F3 /* ViewController.m */; };
		753A2E121E8A3B2500E921F3 /* Main.storyboard in Resources */ = {isa = PBXBuildFile; fileRef = 753A2E101E8A3B2500E921F3 /* Main.storyboard */; };
		753A2E141E8A3B2500E921F3 /* Assets.xcassets in Resources */ = {isa = PBXBuildFile; fileRef = 753A2E131E8A3B2500E921F3 /* Assets.xcassets */; };
		753A2E171E8A3B2500E921F3 /* LaunchScreen.storyboard in Resources */ = {isa = PBXBuildFile; fileRef = 753A2E151E8A3B2500E921F3 /* LaunchScreen.storyboard */; };
		753A2E211E8A3BAC00E921F3 /* SortOptionView.m in Sources */ = {isa = PBXBuildFile; fileRef = 753A2E201E8A3BAC00E921F3 /* SortOptionView.m */; };
		753A2E291E8A3CD400E921F3 /* Sort_Down@2x.png in Resources */ = {isa = PBXBuildFile; fileRef = 753A2E231E8A3CD400E921F3 /* Sort_Down@2x.png */; };
		753A2E2A1E8A3CD400E921F3 /* Sort_Down@3x.png in Resources */ = {isa = PBXBuildFile; fileRef = 753A2E241E8A3CD400E921F3 /* Sort_Down@3x.png */; };
		753A2E2D1E8A3CD400E921F3 /* Sort_Up@2x.png in Resources */ = {isa = PBXBuildFile; fileRef = 753A2E271E8A3CD400E921F3 /* Sort_Up@2x.png */; };
		753A2E2E1E8A3CD400E921F3 /* Sort_Up@3x.png in Resources */ = {isa = PBXBuildFile; fileRef = 753A2E281E8A3CD400E921F3 /* Sort_Up@3x.png */; };
		753A2E311E8A3EA400E921F3 /* Sort_Normal@2x.png in Resources */ = {isa = PBXBuildFile; fileRef = 753A2E2F1E8A3EA400E921F3 /* Sort_Normal@2x.png */; };
		753A2E321E8A3EA400E921F3 /* Sort_Normal@3x.png in Resources */ = {isa = PBXBuildFile; fileRef = 753A2E301E8A3EA400E921F3 /* Sort_Normal@3x.png */; };
		753A2E3F1E8A57F400E921F3 /* UIButton+ImageDirection.m in Sources */ = {isa = PBXBuildFile; fileRef = 753A2E3E1E8A57F400E921F3 /* UIButton+ImageDirection.m */; };
		75848AF21F171A7A00D69062 /* UIButton+Layer.m in Sources */ = {isa = PBXBuildFile; fileRef = 75848AF11F171A7A00D69062 /* UIButton+Layer.m */; };
		7597455A1E8E41E50060BA20 /* guide.gif in Resources */ = {isa = PBXBuildFile; fileRef = 759745591E8E41E50060BA20 /* guide.gif */; };
		759745781E8E4DC00060BA20 /* RightBindPondModel.swift in Sources */ = {isa = PBXBuildFile; fileRef = 759745731E8E4DC00060BA20 /* RightBindPondModel.swift */; };
		759745791E8E4DC00060BA20 /* RightBindPondView.swift in Sources */ = {isa = PBXBuildFile; fileRef = 759745741E8E4DC00060BA20 /* RightBindPondView.swift */; };
		7597457A1E8E4DC00060BA20 /* RightBindPondView.xib in Resources */ = {isa = PBXBuildFile; fileRef = 759745751E8E4DC00060BA20 /* RightBindPondView.xib */; };
		7597457B1E8E4DC00060BA20 /* RightBindSelectVC.swift in Sources */ = {isa = PBXBuildFile; fileRef = 759745761E8E4DC00060BA20 /* RightBindSelectVC.swift */; };
		7597457C1E8E4DC00060BA20 /* RightBindSelectVC.xib in Resources */ = {isa = PBXBuildFile; fileRef = 759745771E8E4DC00060BA20 /* RightBindSelectVC.xib */; };
		7597457F1E8E4E240060BA20 /* RightBindSelectCell.swift in Sources */ = {isa = PBXBuildFile; fileRef = 7597457D1E8E4E240060BA20 /* RightBindSelectCell.swift */; };
		759745801E8E4E240060BA20 /* RightBindSelectCell.xib in Resources */ = {isa = PBXBuildFile; fileRef = 7597457E1E8E4E240060BA20 /* RightBindSelectCell.xib */; };
		759745871E8E53E90060BA20 /* NetWorkService.m in Sources */ = {isa = PBXBuildFile; fileRef = 759745861E8E53E90060BA20 /* NetWorkService.m */; };
		77E672D7E89B1329AF560F5C /* Pods_SortOptionView.framework in Frameworks */ = {isa = PBXBuildFile; fileRef = 7513059D8A6FC2DAB9F87D67 /* Pods_SortOptionView.framework */; };
/* End PBXBuildFile section */

/* Begin PBXFileReference section */
		469E6BBEE4969E9CF7D8D646 /* Pods-SortOptionView.release.xcconfig */ = {isa = PBXFileReference; includeInIndex = 1; lastKnownFileType = text.xcconfig; name = "Pods-SortOptionView.release.xcconfig"; path = "Pods/Target Support Files/Pods-SortOptionView/Pods-SortOptionView.release.xcconfig"; sourceTree = "<group>"; };
		69237CD67A1B4269BB80A6EA /* Pods-SortOptionView.debug.xcconfig */ = {isa = PBXFileReference; includeInIndex = 1; lastKnownFileType = text.xcconfig; name = "Pods-SortOptionView.debug.xcconfig"; path = "Pods/Target Support Files/Pods-SortOptionView/Pods-SortOptionView.debug.xcconfig"; sourceTree = "<group>"; };
		7513059D8A6FC2DAB9F87D67 /* Pods_SortOptionView.framework */ = {isa = PBXFileReference; explicitFileType = wrapper.framework; includeInIndex = 0; path = Pods_SortOptionView.framework; sourceTree = BUILT_PRODUCTS_DIR; };
		753A2E041E8A3B2500E921F3 /* SortOptionView.app */ = {isa = PBXFileReference; explicitFileType = wrapper.application; includeInIndex = 0; path = SortOptionView.app; sourceTree = BUILT_PRODUCTS_DIR; };
		753A2E081E8A3B2500E921F3 /* main.m */ = {isa = PBXFileReference; lastKnownFileType = sourcecode.c.objc; path = main.m; sourceTree = "<group>"; };
		753A2E0A1E8A3B2500E921F3 /* AppDelegate.h */ = {isa = PBXFileReference; lastKnownFileType = sourcecode.c.h; path = AppDelegate.h; sourceTree = "<group>"; };
		753A2E0B1E8A3B2500E921F3 /* AppDelegate.m */ = {isa = PBXFileReference; lastKnownFileType = sourcecode.c.objc; path = AppDelegate.m; sourceTree = "<group>"; };
		753A2E0D1E8A3B2500E921F3 /* ViewController.h */ = {isa = PBXFileReference; lastKnownFileType = sourcecode.c.h; path = ViewController.h; sourceTree = "<group>"; };
		753A2E0E1E8A3B2500E921F3 /* ViewController.m */ = {isa = PBXFileReference; lastKnownFileType = sourcecode.c.objc; path = ViewController.m; sourceTree = "<group>"; };
		753A2E111E8A3B2500E921F3 /* Base */ = {isa = PBXFileReference; lastKnownFileType = file.storyboard; name = Base; path = Base.lproj/Main.storyboard; sourceTree = "<group>"; };
		753A2E131E8A3B2500E921F3 /* Assets.xcassets */ = {isa = PBXFileReference; lastKnownFileType = folder.assetcatalog; path = Assets.xcassets; sourceTree = "<group>"; };
		753A2E161E8A3B2500E921F3 /* Base */ = {isa = PBXFileReference; lastKnownFileType = file.storyboard; name = Base; path = Base.lproj/LaunchScreen.storyboard; sourceTree = "<group>"; };
		753A2E181E8A3B2500E921F3 /* Info.plist */ = {isa = PBXFileReference; lastKnownFileType = text.plist.xml; path = Info.plist; sourceTree = "<group>"; };
		753A2E1F1E8A3BAC00E921F3 /* SortOptionView.h */ = {isa = PBXFileReference; fileEncoding = 4; lastKnownFileType = sourcecode.c.h; path = SortOptionView.h; sourceTree = "<group>"; };
		753A2E201E8A3BAC00E921F3 /* SortOptionView.m */ = {isa = PBXFileReference; fileEncoding = 4; lastKnownFileType = sourcecode.c.objc; path = SortOptionView.m; sourceTree = "<group>"; };
		753A2E231E8A3CD400E921F3 /* Sort_Down@2x.png */ = {isa = PBXFileReference; lastKnownFileType = image.png; path = "Sort_Down@2x.png"; sourceTree = "<group>"; };
		753A2E241E8A3CD400E921F3 /* Sort_Down@3x.png */ = {isa = PBXFileReference; lastKnownFileType = image.png; path = "Sort_Down@3x.png"; sourceTree = "<group>"; };
		753A2E271E8A3CD400E921F3 /* Sort_Up@2x.png */ = {isa = PBXFileReference; lastKnownFileType = image.png; path = "Sort_Up@2x.png"; sourceTree = "<group>"; };
		753A2E281E8A3CD400E921F3 /* Sort_Up@3x.png */ = {isa = PBXFileReference; lastKnownFileType = image.png; path = "Sort_Up@3x.png"; sourceTree = "<group>"; };
		753A2E2F1E8A3EA400E921F3 /* Sort_Normal@2x.png */ = {isa = PBXFileReference; lastKnownFileType = image.png; path = "Sort_Normal@2x.png"; sourceTree = "<group>"; };
		753A2E301E8A3EA400E921F3 /* Sort_Normal@3x.png */ = {isa = PBXFileReference; lastKnownFileType = image.png; path = "Sort_Normal@3x.png"; sourceTree = "<group>"; };
		753A2E3D1E8A57F400E921F3 /* UIButton+ImageDirection.h */ = {isa = PBXFileReference; fileEncoding = 4; lastKnownFileType = sourcecode.c.h; path = "UIButton+ImageDirection.h"; sourceTree = "<group>"; };
		753A2E3E1E8A57F400E921F3 /* UIButton+ImageDirection.m */ = {isa = PBXFileReference; fileEncoding = 4; lastKnownFileType = sourcecode.c.objc; path = "UIButton+ImageDirection.m"; sourceTree = "<group>"; };
		75848AF01F171A7A00D69062 /* UIButton+Layer.h */ = {isa = PBXFileReference; fileEncoding = 4; lastKnownFileType = sourcecode.c.h; path = "UIButton+Layer.h"; sourceTree = "<group>"; };
		75848AF11F171A7A00D69062 /* UIButton+Layer.m */ = {isa = PBXFileReference; fileEncoding = 4; lastKnownFileType = sourcecode.c.objc; path = "UIButton+Layer.m"; sourceTree = "<group>"; };
		759745591E8E41E50060BA20 /* guide.gif */ = {isa = PBXFileReference; lastKnownFileType = image.gif; path = guide.gif; sourceTree = "<group>"; };
		759745721E8E48620060BA20 /* SortOptionView-Bridging-Header.h */ = {isa = PBXFileReference; fileEncoding = 4; lastKnownFileType = sourcecode.c.h; path = "SortOptionView-Bridging-Header.h"; sourceTree = "<group>"; };
		759745731E8E4DC00060BA20 /* RightBindPondModel.swift */ = {isa = PBXFileReference; fileEncoding = 4; lastKnownFileType = sourcecode.swift; path = RightBindPondModel.swift; sourceTree = "<group>"; };
		759745741E8E4DC00060BA20 /* RightBindPondView.swift */ = {isa = PBXFileReference; fileEncoding = 4; lastKnownFileType = sourcecode.swift; path = RightBindPondView.swift; sourceTree = "<group>"; };
		759745751E8E4DC00060BA20 /* RightBindPondView.xib */ = {isa = PBXFileReference; fileEncoding = 4; lastKnownFileType = file.xib; path = RightBindPondView.xib; sourceTree = "<group>"; };
		759745761E8E4DC00060BA20 /* RightBindSelectVC.swift */ = {isa = PBXFileReference; fileEncoding = 4; lastKnownFileType = sourcecode.swift; path = RightBindSelectVC.swift; sourceTree = "<group>"; };
		759745771E8E4DC00060BA20 /* RightBindSelectVC.xib */ = {isa = PBXFileReference; fileEncoding = 4; lastKnownFileType = file.xib; path = RightBindSelectVC.xib; sourceTree = "<group>"; };
		7597457D1E8E4E240060BA20 /* RightBindSelectCell.swift */ = {isa = PBXFileReference; fileEncoding = 4; lastKnownFileType = sourcecode.swift; path = RightBindSelectCell.swift; sourceTree = "<group>"; };
		7597457E1E8E4E240060BA20 /* RightBindSelectCell.xib */ = {isa = PBXFileReference; fileEncoding = 4; lastKnownFileType = file.xib; path = RightBindSelectCell.xib; sourceTree = "<group>"; };
		759745851E8E53E90060BA20 /* NetWorkService.h */ = {isa = PBXFileReference; fileEncoding = 4; lastKnownFileType = sourcecode.c.h; path = NetWorkService.h; sourceTree = "<group>"; };
		759745861E8E53E90060BA20 /* NetWorkService.m */ = {isa = PBXFileReference; fileEncoding = 4; lastKnownFileType = sourcecode.c.objc; path = NetWorkService.m; sourceTree = "<group>"; };
/* End PBXFileReference section */

/* Begin PBXFrameworksBuildPhase section */
		753A2E011E8A3B2500E921F3 /* Frameworks */ = {
			isa = PBXFrameworksBuildPhase;
			buildActionMask = 2147483647;
			files = (
				77E672D7E89B1329AF560F5C /* Pods_SortOptionView.framework in Frameworks */,
			);
			runOnlyForDeploymentPostprocessing = 0;
		};
/* End PBXFrameworksBuildPhase section */

/* Begin PBXGroup section */
		36EE0D315C12D390A9D6592B /* Frameworks */ = {
			isa = PBXGroup;
			children = (
				7513059D8A6FC2DAB9F87D67 /* Pods_SortOptionView.framework */,
			);
			name = Frameworks;
			sourceTree = "<group>";
		};
		6317619F0A37F0210FFBDAD4 /* Pods */ = {
			isa = PBXGroup;
			children = (
				69237CD67A1B4269BB80A6EA /* Pods-SortOptionView.debug.xcconfig */,
				469E6BBEE4969E9CF7D8D646 /* Pods-SortOptionView.release.xcconfig */,
			);
			name = Pods;
			sourceTree = "<group>";
		};
		753A2DFB1E8A3B2500E921F3 = {
			isa = PBXGroup;
			children = (
				753A2E061E8A3B2500E921F3 /* SortOptionView */,
				753A2E051E8A3B2500E921F3 /* Products */,
				6317619F0A37F0210FFBDAD4 /* Pods */,
				36EE0D315C12D390A9D6592B /* Frameworks */,
			);
			sourceTree = "<group>";
		};
		753A2E051E8A3B2500E921F3 /* Products */ = {
			isa = PBXGroup;
			children = (
				753A2E041E8A3B2500E921F3 /* SortOptionView.app */,
			);
			name = Products;
			sourceTree = "<group>";
		};
		753A2E061E8A3B2500E921F3 /* SortOptionView */ = {
			isa = PBXGroup;
			children = (
				753A2E1E1E8A3B8C00E921F3 /* SortOptionView */,
				7597455B1E8E46140060BA20 /* DemoFile */,
				753A2E0A1E8A3B2500E921F3 /* AppDelegate.h */,
				753A2E0B1E8A3B2500E921F3 /* AppDelegate.m */,
				753A2E0D1E8A3B2500E921F3 /* ViewController.h */,
				753A2E0E1E8A3B2500E921F3 /* ViewController.m */,
				753A2E101E8A3B2500E921F3 /* Main.storyboard */,
				753A2E131E8A3B2500E921F3 /* Assets.xcassets */,
				753A2E151E8A3B2500E921F3 /* LaunchScreen.storyboard */,
				753A2E181E8A3B2500E921F3 /* Info.plist */,
				753A2E071E8A3B2500E921F3 /* Supporting Files */,
			);
			path = SortOptionView;
			sourceTree = "<group>";
		};
		753A2E071E8A3B2500E921F3 /* Supporting Files */ = {
			isa = PBXGroup;
			children = (
				753A2E081E8A3B2500E921F3 /* main.m */,
				759745721E8E48620060BA20 /* SortOptionView-Bridging-Header.h */,
			);
			name = "Supporting Files";
			sourceTree = "<group>";
		};
		753A2E1E1E8A3B8C00E921F3 /* SortOptionView */ = {
			isa = PBXGroup;
			children = (
				759745591E8E41E50060BA20 /* guide.gif */,
				75848AEF1F171A7A00D69062 /* UIButton+Layer */,
				753A2E371E8A572600E921F3 /* UIButton+ImageDirection */,
				753A2E221E8A3CD400E921F3 /* Icon */,
				753A2E1F1E8A3BAC00E921F3 /* SortOptionView.h */,
				753A2E201E8A3BAC00E921F3 /* SortOptionView.m */,
			);
			path = SortOptionView;
			sourceTree = "<group>";
		};
		753A2E221E8A3CD400E921F3 /* Icon */ = {
			isa = PBXGroup;
			children = (
				753A2E2F1E8A3EA400E921F3 /* Sort_Normal@2x.png */,
				753A2E301E8A3EA400E921F3 /* Sort_Normal@3x.png */,
				753A2E231E8A3CD400E921F3 /* Sort_Down@2x.png */,
				753A2E241E8A3CD400E921F3 /* Sort_Down@3x.png */,
				753A2E271E8A3CD400E921F3 /* Sort_Up@2x.png */,
				753A2E281E8A3CD400E921F3 /* Sort_Up@3x.png */,
			);
			path = Icon;
			sourceTree = "<group>";
		};
		753A2E371E8A572600E921F3 /* UIButton+ImageDirection */ = {
			isa = PBXGroup;
			children = (
				753A2E3D1E8A57F400E921F3 /* UIButton+ImageDirection.h */,
				753A2E3E1E8A57F400E921F3 /* UIButton+ImageDirection.m */,
			);
			path = "UIButton+ImageDirection";
			sourceTree = "<group>";
		};
		75848AEF1F171A7A00D69062 /* UIButton+Layer */ = {
			isa = PBXGroup;
			children = (
				75848AF01F171A7A00D69062 /* UIButton+Layer.h */,
				75848AF11F171A7A00D69062 /* UIButton+Layer.m */,
			);
			path = "UIButton+Layer";
			sourceTree = "<group>";
		};
		7597455B1E8E46140060BA20 /* DemoFile */ = {
			isa = PBXGroup;
			children = (
				759745811E8E4FDF0060BA20 /* Tools */,
				7597455C1E8E46140060BA20 /* RightBindSelectVC */,
			);
			path = DemoFile;
			sourceTree = "<group>";
		};
		7597455C1E8E46140060BA20 /* RightBindSelectVC */ = {
			isa = PBXGroup;
			children = (
				759745731E8E4DC00060BA20 /* RightBindPondModel.swift */,
				759745741E8E4DC00060BA20 /* RightBindPondView.swift */,
				759745751E8E4DC00060BA20 /* RightBindPondView.xib */,
				7597457D1E8E4E240060BA20 /* RightBindSelectCell.swift */,
				7597457E1E8E4E240060BA20 /* RightBindSelectCell.xib */,
				759745761E8E4DC00060BA20 /* RightBindSelectVC.swift */,
				759745771E8E4DC00060BA20 /* RightBindSelectVC.xib */,
			);
			path = RightBindSelectVC;
			sourceTree = "<group>";
		};
		759745811E8E4FDF0060BA20 /* Tools */ = {
			isa = PBXGroup;
			children = (
				759745851E8E53E90060BA20 /* NetWorkService.h */,
				759745861E8E53E90060BA20 /* NetWorkService.m */,
			);
			path = Tools;
			sourceTree = "<group>";
		};
/* End PBXGroup section */

/* Begin PBXNativeTarget section */
		753A2E031E8A3B2500E921F3 /* SortOptionView */ = {
			isa = PBXNativeTarget;
			buildConfigurationList = 753A2E1B1E8A3B2500E921F3 /* Build configuration list for PBXNativeTarget "SortOptionView" */;
			buildPhases = (
				F2EB38CE1A31AAFCAF27D8E5 /* [CP] Check Pods Manifest.lock */,
				753A2E001E8A3B2500E921F3 /* Sources */,
				753A2E011E8A3B2500E921F3 /* Frameworks */,
				753A2E021E8A3B2500E921F3 /* Resources */,
				C35BF0075F17D9D24DCCC521 /* [CP] Embed Pods Frameworks */,
				41830E0675958386F0719E52 /* [CP] Copy Pods Resources */,
			);
			buildRules = (
			);
			dependencies = (
			);
			name = SortOptionView;
			productName = SortOptionView;
			productReference = 753A2E041E8A3B2500E921F3 /* SortOptionView.app */;
			productType = "com.apple.product-type.application";
		};
/* End PBXNativeTarget section */

/* Begin PBXProject section */
		753A2DFC1E8A3B2500E921F3 /* Project object */ = {
			isa = PBXProject;
			attributes = {
				LastUpgradeCheck = 0820;
				ORGANIZATIONNAME = Story5;
				TargetAttributes = {
					753A2E031E8A3B2500E921F3 = {
						CreatedOnToolsVersion = 8.2.1;
						LastSwiftMigration = 0830;
						ProvisioningStyle = Automatic;
					};
				};
			};
			buildConfigurationList = 753A2DFF1E8A3B2500E921F3 /* Build configuration list for PBXProject "SortOptionView" */;
			compatibilityVersion = "Xcode 3.2";
			developmentRegion = English;
			hasScannedForEncodings = 0;
			knownRegions = (
				en,
				Base,
			);
			mainGroup = 753A2DFB1E8A3B2500E921F3;
			productRefGroup = 753A2E051E8A3B2500E921F3 /* Products */;
			projectDirPath = "";
			projectRoot = "";
			targets = (
				753A2E031E8A3B2500E921F3 /* SortOptionView */,
			);
		};
/* End PBXProject section */

/* Begin PBXResourcesBuildPhase section */
		753A2E021E8A3B2500E921F3 /* Resources */ = {
			isa = PBXResourcesBuildPhase;
			buildActionMask = 2147483647;
			files = (
				753A2E291E8A3CD400E921F3 /* Sort_Down@2x.png in Resources */,
				753A2E2A1E8A3CD400E921F3 /* Sort_Down@3x.png in Resources */,
				7597457C1E8E4DC00060BA20 /* RightBindSelectVC.xib in Resources */,
				7597457A1E8E4DC00060BA20 /* RightBindPondView.xib in Resources */,
				753A2E171E8A3B2500E921F3 /* LaunchScreen.storyboard in Resources */,
				753A2E2E1E8A3CD400E921F3 /* Sort_Up@3x.png in Resources */,
				753A2E141E8A3B2500E921F3 /* Assets.xcassets in Resources */,
				753A2E321E8A3EA400E921F3 /* Sort_Normal@3x.png in Resources */,
				759745801E8E4E240060BA20 /* RightBindSelectCell.xib in Resources */,
				753A2E121E8A3B2500E921F3 /* Main.storyboard in Resources */,
				753A2E2D1E8A3CD400E921F3 /* Sort_Up@2x.png in Resources */,
				753A2E311E8A3EA400E921F3 /* Sort_Normal@2x.png in Resources */,
				7597455A1E8E41E50060BA20 /* guide.gif in Resources */,
			);
			runOnlyForDeploymentPostprocessing = 0;
		};
/* End PBXResourcesBuildPhase section */

/* Begin PBXShellScriptBuildPhase section */
		41830E0675958386F0719E52 /* [CP] Copy Pods Resources */ = {
			isa = PBXShellScriptBuildPhase;
			buildActionMask = 2147483647;
			files = (
			);
			inputPaths = (
			);
			name = "[CP] Copy Pods Resources";
			outputPaths = (
			);
			runOnlyForDeploymentPostprocessing = 0;
			shellPath = /bin/sh;
			shellScript = "\"${SRCROOT}/Pods/Target Support Files/Pods-SortOptionView/Pods-SortOptionView-resources.sh\"\n";
			showEnvVarsInLog = 0;
		};
		C35BF0075F17D9D24DCCC521 /* [CP] Embed Pods Frameworks */ = {
			isa = PBXShellScriptBuildPhase;
			buildActionMask = 2147483647;
			files = (
			);
			inputPaths = (
			);
			name = "[CP] Embed Pods Frameworks";
			outputPaths = (
			);
			runOnlyForDeploymentPostprocessing = 0;
			shellPath = /bin/sh;
			shellScript = "\"${SRCROOT}/Pods/Target Support Files/Pods-SortOptionView/Pods-SortOptionView-frameworks.sh\"\n";
			showEnvVarsInLog = 0;
		};
		F2EB38CE1A31AAFCAF27D8E5 /* [CP] Check Pods Manifest.lock */ = {
			isa = PBXShellScriptBuildPhase;
			buildActionMask = 2147483647;
			files = (
			);
			inputPaths = (
			);
			name = "[CP] Check Pods Manifest.lock";
			outputPaths = (
			);
			runOnlyForDeploymentPostprocessing = 0;
			shellPath = /bin/sh;
			shellScript = "diff \"${PODS_ROOT}/../Podfile.lock\" \"${PODS_ROOT}/Manifest.lock\" > /dev/null\nif [ $? != 0 ] ; then\n    # print error to STDERR\n    echo \"error: The sandbox is not in sync with the Podfile.lock. Run 'pod install' or update your CocoaPods installation.\" >&2\n    exit 1\nfi\n";
			showEnvVarsInLog = 0;
		};
/* End PBXShellScriptBuildPhase section */

/* Begin PBXSourcesBuildPhase section */
		753A2E001E8A3B2500E921F3 /* Sources */ = {
			isa = PBXSourcesBuildPhase;
			buildActionMask = 2147483647;
			files = (
				753A2E0F1E8A3B2500E921F3 /* ViewController.m in Sources */,
				759745791E8E4DC00060BA20 /* RightBindPondView.swift in Sources */,
				759745871E8E53E90060BA20 /* NetWorkService.m in Sources */,
				753A2E0C1E8A3B2500E921F3 /* AppDelegate.m in Sources */,
				753A2E091E8A3B2500E921F3 /* main.m in Sources */,
				759745781E8E4DC00060BA20 /* RightBindPondModel.swift in Sources */,
				753A2E211E8A3BAC00E921F3 /* SortOptionView.m in Sources */,
				7597457B1E8E4DC00060BA20 /* RightBindSelectVC.swift in Sources */,
				753A2E3F1E8A57F400E921F3 /* UIButton+ImageDirection.m in Sources */,
				75848AF21F171A7A00D69062 /* UIButton+Layer.m in Sources */,
				7597457F1E8E4E240060BA20 /* RightBindSelectCell.swift in Sources */,
			);
			runOnlyForDeploymentPostprocessing = 0;
		};
/* End PBXSourcesBuildPhase section */

/* Begin PBXVariantGroup section */
		753A2E101E8A3B2500E921F3 /* Main.storyboard */ = {
			isa = PBXVariantGroup;
			children = (
				753A2E111E8A3B2500E921F3 /* Base */,
			);
			name = Main.storyboard;
			sourceTree = "<group>";
		};
		753A2E151E8A3B2500E921F3 /* LaunchScreen.storyboard */ = {
			isa = PBXVariantGroup;
			children = (
				753A2E161E8A3B2500E921F3 /* Base */,
			);
			name = LaunchScreen.storyboard;
			sourceTree = "<group>";
		};
/* End PBXVariantGroup section */

/* Begin XCBuildConfiguration section */
		753A2E191E8A3B2500E921F3 /* Debug */ = {
			isa = XCBuildConfiguration;
			buildSettings = {
				ALWAYS_SEARCH_USER_PATHS = NO;
				CLANG_ANALYZER_NONNULL = YES;
				CLANG_CXX_LANGUAGE_STANDARD = "gnu++0x";
				CLANG_CXX_LIBRARY = "libc++";
				CLANG_ENABLE_MODULES = YES;
				CLANG_ENABLE_OBJC_ARC = YES;
				CLANG_WARN_BOOL_CONVERSION = YES;
				CLANG_WARN_CONSTANT_CONVERSION = YES;
				CLANG_WARN_DIRECT_OBJC_ISA_USAGE = YES_ERROR;
				CLANG_WARN_DOCUMENTATION_COMMENTS = YES;
				CLANG_WARN_EMPTY_BODY = YES;
				CLANG_WARN_ENUM_CONVERSION = YES;
				CLANG_WARN_INFINITE_RECURSION = YES;
				CLANG_WARN_INT_CONVERSION = YES;
				CLANG_WARN_OBJC_ROOT_CLASS = YES_ERROR;
				CLANG_WARN_SUSPICIOUS_MOVE = YES;
				CLANG_WARN_UNREACHABLE_CODE = YES;
				CLANG_WARN__DUPLICATE_METHOD_MATCH = YES;
				"CODE_SIGN_IDENTITY[sdk=iphoneos*]" = "iPhone Developer";
				COPY_PHASE_STRIP = NO;
				DEBUG_INFORMATION_FORMAT = dwarf;
				ENABLE_STRICT_OBJC_MSGSEND = YES;
				ENABLE_TESTABILITY = YES;
				GCC_C_LANGUAGE_STANDARD = gnu99;
				GCC_DYNAMIC_NO_PIC = NO;
				GCC_NO_COMMON_BLOCKS = YES;
				GCC_OPTIMIZATION_LEVEL = 0;
				GCC_PREPROCESSOR_DEFINITIONS = (
					"DEBUG=1",
					"$(inherited)",
				);
				GCC_WARN_64_TO_32_BIT_CONVERSION = YES;
				GCC_WARN_ABOUT_RETURN_TYPE = YES_ERROR;
				GCC_WARN_UNDECLARED_SELECTOR = YES;
				GCC_WARN_UNINITIALIZED_AUTOS = YES_AGGRESSIVE;
				GCC_WARN_UNUSED_FUNCTION = YES;
				GCC_WARN_UNUSED_VARIABLE = YES;
				IPHONEOS_DEPLOYMENT_TARGET = 10.2;
				MTL_ENABLE_DEBUG_INFO = YES;
				ONLY_ACTIVE_ARCH = YES;
				SDKROOT = iphoneos;
			};
			name = Debug;
		};
		753A2E1A1E8A3B2500E921F3 /* Release */ = {
			isa = XCBuildConfiguration;
			buildSettings = {
				ALWAYS_SEARCH_USER_PATHS = NO;
				CLANG_ANALYZER_NONNULL = YES;
				CLANG_CXX_LANGUAGE_STANDARD = "gnu++0x";
				CLANG_CXX_LIBRARY = "libc++";
				CLANG_ENABLE_MODULES = YES;
				CLANG_ENABLE_OBJC_ARC = YES;
				CLANG_WARN_BOOL_CONVERSION = YES;
				CLANG_WARN_CONSTANT_CONVERSION = YES;
				CLANG_WARN_DIRECT_OBJC_ISA_USAGE = YES_ERROR;
				CLANG_WARN_DOCUMENTATION_COMMENTS = YES;
				CLANG_WARN_EMPTY_BODY = YES;
				CLANG_WARN_ENUM_CONVERSION = YES;
				CLANG_WARN_INFINITE_RECURSION = YES;
				CLANG_WARN_INT_CONVERSION = YES;
				CLANG_WARN_OBJC_ROOT_CLASS = YES_ERROR;
				CLANG_WARN_SUSPICIOUS_MOVE = YES;
				CLANG_WARN_UNREACHABLE_CODE = YES;
				CLANG_WARN__DUPLICATE_METHOD_MATCH = YES;
				"CODE_SIGN_IDENTITY[sdk=iphoneos*]" = "iPhone Developer";
				COPY_PHASE_STRIP = NO;
				DEBUG_INFORMATION_FORMAT = "dwarf-with-dsym";
				ENABLE_NS_ASSERTIONS = NO;
				ENABLE_STRICT_OBJC_MSGSEND = YES;
				GCC_C_LANGUAGE_STANDARD = gnu99;
				GCC_NO_COMMON_BLOCKS = YES;
				GCC_WARN_64_TO_32_BIT_CONVERSION = YES;
				GCC_WARN_ABOUT_RETURN_TYPE = YES_ERROR;
				GCC_WARN_UNDECLARED_SELECTOR = YES;
				GCC_WARN_UNINITIALIZED_AUTOS = YES_AGGRESSIVE;
				GCC_WARN_UNUSED_FUNCTION = YES;
				GCC_WARN_UNUSED_VARIABLE = YES;
				IPHONEOS_DEPLOYMENT_TARGET = 10.2;
				MTL_ENABLE_DEBUG_INFO = NO;
				SDKROOT = iphoneos;
				VALIDATE_PRODUCT = YES;
			};
			name = Release;
		};
		753A2E1C1E8A3B2500E921F3 /* Debug */ = {
			isa = XCBuildConfiguration;
			baseConfigurationReference = 69237CD67A1B4269BB80A6EA /* Pods-SortOptionView.debug.xcconfig */;
			buildSettings = {
				ASSETCATALOG_COMPILER_APPICON_NAME = AppIcon;
				INFOPLIST_FILE = SortOptionView/Info.plist;
				LD_RUNPATH_SEARCH_PATHS = "$(inherited) @executable_path/Frameworks";
				PRODUCT_BUNDLE_IDENTIFIER = com.Story5.SortOptionView;
				PRODUCT_NAME = "$(TARGET_NAME)";
				SWIFT_OBJC_BRIDGING_HEADER = "SortOptionView/SortOptionView-Bridging-Header.h";
				SWIFT_VERSION = 3.0;
			};
			name = Debug;
		};
		753A2E1D1E8A3B2500E921F3 /* Release */ = {
			isa = XCBuildConfiguration;
			baseConfigurationReference = 469E6BBEE4969E9CF7D8D646 /* Pods-SortOptionView.release.xcconfig */;
			buildSettings = {
				ASSETCATALOG_COMPILER_APPICON_NAME = AppIcon;
				INFOPLIST_FILE = SortOptionView/Info.plist;
				LD_RUNPATH_SEARCH_PATHS = "$(inherited) @executable_path/Frameworks";
				PRODUCT_BUNDLE_IDENTIFIER = com.Story5.SortOptionView;
				PRODUCT_NAME = "$(TARGET_NAME)";
				SWIFT_OBJC_BRIDGING_HEADER = "SortOptionView/SortOptionView-Bridging-Header.h";
				SWIFT_VERSION = 3.0;
			};
			name = Release;
		};
/* End XCBuildConfiguration section */

/* Begin XCConfigurationList section */
		753A2DFF1E8A3B2500E921F3 /* Build configuration list for PBXProject "SortOptionView" */ = {
			isa = XCConfigurationList;
			buildConfigurations = (
				753A2E191E8A3B2500E921F3 /* Debug */,
				753A2E1A1E8A3B2500E921F3 /* Release */,
			);
			defaultConfigurationIsVisible = 0;
			defaultConfigurationName = Release;
		};
		753A2E1B1E8A3B2500E921F3 /* Build configuration list for PBXNativeTarget "SortOptionView" */ = {
			isa = XCConfigurationList;
			buildConfigurations = (
				753A2E1C1E8A3B2500E921F3 /* Debug */,
				753A2E1D1E8A3B2500E921F3 /* Release */,
			);
			defaultConfigurationIsVisible = 0;
			defaultConfigurationName = Release;
		};
/* End XCConfigurationList section */
	};
	rootObject = 753A2DFC1E8A3B2500E921F3 /* Project object */;
}
